
Microsoft Visual Studio Solution File, Format Version 12.00
# Visual Studio Version 17
VisualStudioVersion = 17.4.33122.133
MinimumVisualStudioVersion = 10.0.40219.1
Project("{FAE04EC0-301F-11D3-BF4B-00C04F79EFBC}") = "Practica1_Inventarios", "Practica1_Inventarios\Practica1_Inventarios.csproj", "{20DAC4DF-E8BB-4702-B297-5C527F332D4D}"
EndProject
Project("{FAE04EC0-301F-11D3-BF4B-00C04F79EFBC}") = "Modelos", "Conexion\Modelos.csproj", "{A4A26C27-10DA-4FEA-B096-11127F6CF871}"
EndProject
Project("{FAE04EC0-301F-11D3-BF4B-00C04F79EFBC}") = "Datos", "Datos\Datos.csproj", "{EB35CC85-EC96-4733-A0F6-74F7A08D4884}"
EndProject
Global
	GlobalSection(SolutionConfigurationPlatforms) = preSolution
		Debug|Any CPU = Debug|Any CPU
		Release|Any CPU = Release|Any CPU
	EndGlobalSection
	GlobalSection(ProjectConfigurationPlatforms) = postSolution
		{20DAC4DF-E8BB-4702-B297-5C527F332D4D}.Debug|Any CPU.ActiveCfg = Debug|Any CPU
		{20DAC4DF-E8BB-4702-B297-5C527F332D4D}.Debug|Any CPU.Build.0 = Debug|Any CPU
		{20DAC4DF-E8BB-4702-B297-5C527F332D4D}.Release|Any CPU.ActiveCfg = Release|Any CPU
		{20DAC4DF-E8BB-4702-B297-5C527F332D4D}.Release|Any CPU.Build.0 = Release|Any CPU
		{A4A26C27-10DA-4FEA-B096-11127F6CF871}.Debug|Any CPU.ActiveCfg = Debug|Any CPU
		{A4A26C27-10DA-4FEA-B096-11127F6CF871}.Debug|Any CPU.Build.0 = Debug|Any CPU
		{A4A26C27-10DA-4FEA-B096-11127F6CF871}.Release|Any CPU.ActiveCfg = Release|Any CPU
		{A4A26C27-10DA-4FEA-B096-11127F6CF871}.Release|Any CPU.Build.0 = Release|Any CPU
		{EB35CC85-EC96-4733-A0F6-74F7A08D4884}.Debug|Any CPU.ActiveCfg = Debug|Any CPU
		{EB35CC85-EC96-4733-A0F6-74F7A08D4884}.Debug|Any CPU.Build.0 = Debug|Any CPU
		{EB35CC85-EC96-4733-A0F6-74F7A08D4884}.Release|Any CPU.ActiveCfg = Release|Any CPU
		{EB35CC85-EC96-4733-A0F6-74F7A08D4884}.Release|Any CPU.Build.0 = Release|Any CPU
	EndGlobalSection
	GlobalSection(SolutionProperties) = preSolution
		HideSolutionNode = FALSE
	EndGlobalSection
	GlobalSection(ExtensibilityGlobals) = postSolution
		SolutionGuid = {681CF63B-0B9C-4CDA-9D7D-1DCCCE6EEEEB}
	EndGlobalSection
EndGlobal
